
Microsoft Visual Studio Solution File, Format Version 12.00
# Visual Studio Version 17
VisualStudioVersion = 17.14.36310.24 d17.14
MinimumVisualStudioVersion = 10.0.40219.1
Project("{FAE04EC0-301F-11D3-BF4B-00C04F79EFBC}") = "MenuConsumerService.Worker", "MenuConsumerService.Worker\MenuConsumerService.Worker.csproj", "{88A6498F-2C93-4BA0-8A8A-055466F5B741}"
EndProject
Project("{FAE04EC0-301F-11D3-BF4B-00C04F79EFBC}") = "MenuConsumerService.Domain", "MenuConsumerService.Domain\MenuConsumerService.Domain.csproj", "{DD26E81A-5C79-4BD6-99BD-9E0EF4FDA151}"
EndProject
Project("{FAE04EC0-301F-11D3-BF4B-00C04F79EFBC}") = "MenuConsumerService.Application", "MenuConsumerService.Application\MenuConsumerService.Application.csproj", "{990C895B-A2CB-4645-9144-660467B74B30}"
EndProject
Project("{FAE04EC0-301F-11D3-BF4B-00C04F79EFBC}") = "MenuConsumerService.Infrastructure", "MenuConsumerService.Infrastructure\MenuConsumerService.Infrastructure.csproj", "{073C316E-6F1F-48F3-A34C-BB2655EE9EA4}"
EndProject
Project("{FAE04EC0-301F-11D3-BF4B-00C04F79EFBC}") = "MenuConsumerService.Test", "MenuConsumerService.Test\MenuConsumerService.Test.csproj", "{3F033448-2592-4F1A-9B01-D9C79793BFCB}"
EndProject
Global
	GlobalSection(SolutionConfigurationPlatforms) = preSolution
		Debug|Any CPU = Debug|Any CPU
		Release|Any CPU = Release|Any CPU
	EndGlobalSection
	GlobalSection(ProjectConfigurationPlatforms) = postSolution
		{88A6498F-2C93-4BA0-8A8A-055466F5B741}.Debug|Any CPU.ActiveCfg = Debug|Any CPU
		{88A6498F-2C93-4BA0-8A8A-055466F5B741}.Debug|Any CPU.Build.0 = Debug|Any CPU
		{88A6498F-2C93-4BA0-8A8A-055466F5B741}.Release|Any CPU.ActiveCfg = Release|Any CPU
		{88A6498F-2C93-4BA0-8A8A-055466F5B741}.Release|Any CPU.Build.0 = Release|Any CPU
		{DD26E81A-5C79-4BD6-99BD-9E0EF4FDA151}.Debug|Any CPU.ActiveCfg = Debug|Any CPU
		{DD26E81A-5C79-4BD6-99BD-9E0EF4FDA151}.Debug|Any CPU.Build.0 = Debug|Any CPU
		{DD26E81A-5C79-4BD6-99BD-9E0EF4FDA151}.Release|Any CPU.ActiveCfg = Release|Any CPU
		{DD26E81A-5C79-4BD6-99BD-9E0EF4FDA151}.Release|Any CPU.Build.0 = Release|Any CPU
		{990C895B-A2CB-4645-9144-660467B74B30}.Debug|Any CPU.ActiveCfg = Debug|Any CPU
		{990C895B-A2CB-4645-9144-660467B74B30}.Debug|Any CPU.Build.0 = Debug|Any CPU
		{990C895B-A2CB-4645-9144-660467B74B30}.Release|Any CPU.ActiveCfg = Release|Any CPU
		{990C895B-A2CB-4645-9144-660467B74B30}.Release|Any CPU.Build.0 = Release|Any CPU
		{073C316E-6F1F-48F3-A34C-BB2655EE9EA4}.Debug|Any CPU.ActiveCfg = Debug|Any CPU
		{073C316E-6F1F-48F3-A34C-BB2655EE9EA4}.Debug|Any CPU.Build.0 = Debug|Any CPU
		{073C316E-6F1F-48F3-A34C-BB2655EE9EA4}.Release|Any CPU.ActiveCfg = Release|Any CPU
		{073C316E-6F1F-48F3-A34C-BB2655EE9EA4}.Release|Any CPU.Build.0 = Release|Any CPU
		{3F033448-2592-4F1A-9B01-D9C79793BFCB}.Debug|Any CPU.ActiveCfg = Debug|Any CPU
		{3F033448-2592-4F1A-9B01-D9C79793BFCB}.Debug|Any CPU.Build.0 = Debug|Any CPU
		{3F033448-2592-4F1A-9B01-D9C79793BFCB}.Release|Any CPU.ActiveCfg = Release|Any CPU
		{3F033448-2592-4F1A-9B01-D9C79793BFCB}.Release|Any CPU.Build.0 = Release|Any CPU
	EndGlobalSection
	GlobalSection(SolutionProperties) = preSolution
		HideSolutionNode = FALSE
	EndGlobalSection
	GlobalSection(ExtensibilityGlobals) = postSolution
		SolutionGuid = {479D277E-722E-4EBC-9C3F-BF55C05E8B6B}
	EndGlobalSection
EndGlobal
